// !$*UTF8*$!
{
	archiveVersion = 1;
	classes = {
	};
	objectVersion = 48;
	objects = {

/* Begin PBXBuildFile section */
		81183B2C1FB20AED00997299 /* AppDelegate.swift in Sources */ = {isa = PBXBuildFile; fileRef = 81183B2B1FB20AED00997299 /* AppDelegate.swift */; };
		81183B2E1FB20AED00997299 /* ViewController.swift in Sources */ = {isa = PBXBuildFile; fileRef = 81183B2D1FB20AED00997299 /* ViewController.swift */; };
		81183B311FB20AED00997299 /* Main.storyboard in Resources */ = {isa = PBXBuildFile; fileRef = 81183B2F1FB20AED00997299 /* Main.storyboard */; };
		81183B331FB20AED00997299 /* Assets.xcassets in Resources */ = {isa = PBXBuildFile; fileRef = 81183B321FB20AED00997299 /* Assets.xcassets */; };
		81183B361FB20AEE00997299 /* LaunchScreen.storyboard in Resources */ = {isa = PBXBuildFile; fileRef = 81183B341FB20AEE00997299 /* LaunchScreen.storyboard */; };
		812374111FB20FFE00016349 /* DetailedViewController.swift in Sources */ = {isa = PBXBuildFile; fileRef = 812374101FB20FFE00016349 /* DetailedViewController.swift */; };
		812374151FB21D4600016349 /* SwitchViewController.swift in Sources */ = {isa = PBXBuildFile; fileRef = 812374141FB21D4600016349 /* SwitchViewController.swift */; };
		812374171FB2201600016349 /* StepperViewController.swift in Sources */ = {isa = PBXBuildFile; fileRef = 812374161FB2201600016349 /* StepperViewController.swift */; };
		812374191FB2291800016349 /* SegmentedControlViewController.swift in Sources */ = {isa = PBXBuildFile; fileRef = 812374181FB2291800016349 /* SegmentedControlViewController.swift */; };
		8123741B1FB229FC00016349 /* SliderViewController.swift in Sources */ = {isa = PBXBuildFile; fileRef = 8123741A1FB229FC00016349 /* SliderViewController.swift */; };
/* End PBXBuildFile section */

/* Begin PBXFileReference section */
		81183B281FB20AED00997299 /* LifecycleMethodsAndControls.app */ = {isa = PBXFileReference; explicitFileType = wrapper.application; includeInIndex = 0; path = LifecycleMethodsAndControls.app; sourceTree = BUILT_PRODUCTS_DIR; };
		81183B2B1FB20AED00997299 /* AppDelegate.swift */ = {isa = PBXFileReference; lastKnownFileType = sourcecode.swift; path = AppDelegate.swift; sourceTree = "<group>"; };
		81183B2D1FB20AED00997299 /* ViewController.swift */ = {isa = PBXFileReference; lastKnownFileType = sourcecode.swift; path = ViewController.swift; sourceTree = "<group>"; };
		81183B301FB20AED00997299 /* Base */ = {isa = PBXFileReference; lastKnownFileType = file.storyboard; name = Base; path = Base.lproj/Main.storyboard; sourceTree = "<group>"; };
		81183B321FB20AED00997299 /* Assets.xcassets */ = {isa = PBXFileReference; lastKnownFileType = folder.assetcatalog; path = Assets.xcassets; sourceTree = "<group>"; };
		81183B351FB20AEE00997299 /* Base */ = {isa = PBXFileReference; lastKnownFileType = file.storyboard; name = Base; path = Base.lproj/LaunchScreen.storyboard; sourceTree = "<group>"; };
		81183B371FB20AEE00997299 /* Info.plist */ = {isa = PBXFileReference; lastKnownFileType = text.plist.xml; path = Info.plist; sourceTree = "<group>"; };
		812374101FB20FFE00016349 /* DetailedViewController.swift */ = {isa = PBXFileReference; lastKnownFileType = sourcecode.swift; path = DetailedViewController.swift; sourceTree = "<group>"; };
		812374141FB21D4600016349 /* SwitchViewController.swift */ = {isa = PBXFileReference; lastKnownFileType = sourcecode.swift; path = SwitchViewController.swift; sourceTree = "<group>"; };
		812374161FB2201600016349 /* StepperViewController.swift */ = {isa = PBXFileReference; lastKnownFileType = sourcecode.swift; path = StepperViewController.swift; sourceTree = "<group>"; };
		812374181FB2291800016349 /* SegmentedControlViewController.swift */ = {isa = PBXFileReference; lastKnownFileType = sourcecode.swift; path = SegmentedControlViewController.swift; sourceTree = "<group>"; };
		8123741A1FB229FC00016349 /* SliderViewController.swift */ = {isa = PBXFileReference; lastKnownFileType = sourcecode.swift; path = SliderViewController.swift; sourceTree = "<group>"; };
/* End PBXFileReference section */

/* Begin PBXFrameworksBuildPhase section */
		81183B251FB20AED00997299 /* Frameworks */ = {
			isa = PBXFrameworksBuildPhase;
			buildActionMask = 2147483647;
			files = (
			);
			runOnlyForDeploymentPostprocessing = 0;
		};
/* End PBXFrameworksBuildPhase section */

/* Begin PBXGroup section */
		81183B1F1FB20AED00997299 = {
			isa = PBXGroup;
			children = (
				81183B2A1FB20AED00997299 /* LifecycleMethodsAndControls */,
				81183B291FB20AED00997299 /* Products */,
			);
			sourceTree = "<group>";
		};
		81183B291FB20AED00997299 /* Products */ = {
			isa = PBXGroup;
			children = (
				81183B281FB20AED00997299 /* LifecycleMethodsAndControls.app */,
			);
			name = Products;
			sourceTree = "<group>";
		};
		81183B2A1FB20AED00997299 /* LifecycleMethodsAndControls */ = {
			isa = PBXGroup;
			children = (
				81183B2B1FB20AED00997299 /* AppDelegate.swift */,
				81183B2D1FB20AED00997299 /* ViewController.swift */,
				81183B2F1FB20AED00997299 /* Main.storyboard */,
				812374101FB20FFE00016349 /* DetailedViewController.swift */,
				812374141FB21D4600016349 /* SwitchViewController.swift */,
				812374161FB2201600016349 /* StepperViewController.swift */,
				812374181FB2291800016349 /* SegmentedControlViewController.swift */,
				8123741A1FB229FC00016349 /* SliderViewController.swift */,
				81183B321FB20AED00997299 /* Assets.xcassets */,
				81183B341FB20AEE00997299 /* LaunchScreen.storyboard */,
				81183B371FB20AEE00997299 /* Info.plist */,
			);
			path = LifecycleMethodsAndControls;
			sourceTree = "<group>";
		};
/* End PBXGroup section */

/* Begin PBXNativeTarget section */
		81183B271FB20AED00997299 /* LifecycleMethodsAndControls */ = {
			isa = PBXNativeTarget;
			buildConfigurationList = 81183B3A1FB20AEE00997299 /* Build configuration list for PBXNativeTarget "LifecycleMethodsAndControls" */;
			buildPhases = (
				81183B241FB20AED00997299 /* Sources */,
				81183B251FB20AED00997299 /* Frameworks */,
				81183B261FB20AED00997299 /* Resources */,
			);
			buildRules = (
			);
			dependencies = (
			);
			name = LifecycleMethodsAndControls;
			productName = LifecycleMethodsAndControls;
			productReference = 81183B281FB20AED00997299 /* LifecycleMethodsAndControls.app */;
			productType = "com.apple.product-type.application";
		};
/* End PBXNativeTarget section */

/* Begin PBXProject section */
		81183B201FB20AED00997299 /* Project object */ = {
			isa = PBXProject;
			attributes = {
				LastSwiftUpdateCheck = 0900;
				LastUpgradeCheck = 0900;
				ORGANIZATIONNAME = "Melissa He @ C4Q";
				TargetAttributes = {
					81183B271FB20AED00997299 = {
						CreatedOnToolsVersion = 9.0;
						ProvisioningStyle = Automatic;
					};
				};
			};
			buildConfigurationList = 81183B231FB20AED00997299 /* Build configuration list for PBXProject "LifecycleMethodsAndControls" */;
			compatibilityVersion = "Xcode 8.0";
			developmentRegion = en;
			hasScannedForEncodings = 0;
			knownRegions = (
				en,
				Base,
			);
			mainGroup = 81183B1F1FB20AED00997299;
			productRefGroup = 81183B291FB20AED00997299 /* Products */;
			projectDirPath = "";
			projectRoot = "";
			targets = (
				81183B271FB20AED00997299 /* LifecycleMethodsAndControls */,
			);
		};
/* End PBXProject section */

/* Begin PBXResourcesBuildPhase section */
		81183B261FB20AED00997299 /* Resources */ = {
			isa = PBXResourcesBuildPhase;
			buildActionMask = 2147483647;
			files = (
				81183B361FB20AEE00997299 /* LaunchScreen.storyboard in Resources */,
				81183B331FB20AED00997299 /* Assets.xcassets in Resources */,
				81183B311FB20AED00997299 /* Main.storyboard in Resources */,
			);
			runOnlyForDeploymentPostprocessing = 0;
		};
/* End PBXResourcesBuildPhase section */

/* Begin PBXSourcesBuildPhase section */
		81183B241FB20AED00997299 /* Sources */ = {
			isa = PBXSourcesBuildPhase;
			buildActionMask = 2147483647;
			files = (
				812374171FB2201600016349 /* StepperViewController.swift in Sources */,
				8123741B1FB229FC00016349 /* SliderViewController.swift in Sources */,
				81183B2E1FB20AED00997299 /* ViewController.swift in Sources */,
				81183B2C1FB20AED00997299 /* AppDelegate.swift in Sources */,
				812374151FB21D4600016349 /* SwitchViewController.swift in Sources */,
				812374111FB20FFE00016349 /* DetailedViewController.swift in Sources */,
				812374191FB2291800016349 /* SegmentedControlViewController.swift in Sources */,
			);
			runOnlyForDeploymentPostprocessing = 0;
		};
/* End PBXSourcesBuildPhase section */

/* Begin PBXVariantGroup section */
		81183B2F1FB20AED00997299 /* Main.storyboard */ = {
			isa = PBXVariantGroup;
			children = (
				81183B301FB20AED00997299 /* Base */,
			);
			name = Main.storyboard;
			sourceTree = "<group>";
		};
		81183B341FB20AEE00997299 /* LaunchScreen.storyboard */ = {
			isa = PBXVariantGroup;
			children = (
				81183B351FB20AEE00997299 /* Base */,
			);
			name = LaunchScreen.storyboard;
			sourceTree = "<group>";
		};
/* End PBXVariantGroup section */

/* Begin XCBuildConfiguration section */
		81183B381FB20AEE00997299 /* Debug */ = {
			isa = XCBuildConfiguration;
			buildSettings = {
				ALWAYS_SEARCH_USER_PATHS = NO;
				CLANG_ANALYZER_NONNULL = YES;
				CLANG_ANALYZER_NUMBER_OBJECT_CONVERSION = YES_AGGRESSIVE;
				CLANG_CXX_LANGUAGE_STANDARD = "gnu++14";
				CLANG_CXX_LIBRARY = "libc++";
				CLANG_ENABLE_MODULES = YES;
				CLANG_ENABLE_OBJC_ARC = YES;
				CLANG_WARN_BLOCK_CAPTURE_AUTORELEASING = YES;
				CLANG_WARN_BOOL_CONVERSION = YES;
				CLANG_WARN_COMMA = YES;
				CLANG_WARN_CONSTANT_CONVERSION = YES;
				CLANG_WARN_DIRECT_OBJC_ISA_USAGE = YES_ERROR;
				CLANG_WARN_DOCUMENTATION_COMMENTS = YES;
				CLANG_WARN_EMPTY_BODY = YES;
				CLANG_WARN_ENUM_CONVERSION = YES;
				CLANG_WARN_INFINITE_RECURSION = YES;
				CLANG_WARN_INT_CONVERSION = YES;
				CLANG_WARN_NON_LITERAL_NULL_CONVERSION = YES;
				CLANG_WARN_OBJC_LITERAL_CONVERSION = YES;
				CLANG_WARN_OBJC_ROOT_CLASS = YES_ERROR;
				CLANG_WARN_RANGE_LOOP_ANALYSIS = YES;
				CLANG_WARN_STRICT_PROTOTYPES = YES;
				CLANG_WARN_SUSPICIOUS_MOVE = YES;
				CLANG_WARN_UNGUARDED_AVAILABILITY = YES_AGGRESSIVE;
				CLANG_WARN_UNREACHABLE_CODE = YES;
				CLANG_WARN__DUPLICATE_METHOD_MATCH = YES;
				CODE_SIGN_IDENTITY = "iPhone Developer";
				COPY_PHASE_STRIP = NO;
				DEBUG_INFORMATION_FORMAT = dwarf;
				ENABLE_STRICT_OBJC_MSGSEND = YES;
				ENABLE_TESTABILITY = YES;
				GCC_C_LANGUAGE_STANDARD = gnu11;
				GCC_DYNAMIC_NO_PIC = NO;
				GCC_NO_COMMON_BLOCKS = YES;
				GCC_OPTIMIZATION_LEVEL = 0;
				GCC_PREPROCESSOR_DEFINITIONS = (
					"DEBUG=1",
					"$(inherited)",
				);
				GCC_WARN_64_TO_32_BIT_CONVERSION = YES;
				GCC_WARN_ABOUT_RETURN_TYPE = YES_ERROR;
				GCC_WARN_UNDECLARED_SELECTOR = YES;
				GCC_WARN_UNINITIALIZED_AUTOS = YES_AGGRESSIVE;
				GCC_WARN_UNUSED_FUNCTION = YES;
				GCC_WARN_UNUSED_VARIABLE = YES;
				IPHONEOS_DEPLOYMENT_TARGET = 11.0;
				MTL_ENABLE_DEBUG_INFO = YES;
				ONLY_ACTIVE_ARCH = YES;
				SDKROOT = iphoneos;
				SWIFT_ACTIVE_COMPILATION_CONDITIONS = DEBUG;
				SWIFT_OPTIMIZATION_LEVEL = "-Onone";
			};
			name = Debug;
		};
		81183B391FB20AEE00997299 /* Release */ = {
			isa = XCBuildConfiguration;
			buildSettings = {
				ALWAYS_SEARCH_USER_PATHS = NO;
				CLANG_ANALYZER_NONNULL = YES;
				CLANG_ANALYZER_NUMBER_OBJECT_CONVERSION = YES_AGGRESSIVE;
				CLANG_CXX_LANGUAGE_STANDARD = "gnu++14";
				CLANG_CXX_LIBRARY = "libc++";
				CLANG_ENABLE_MODULES = YES;
				CLANG_ENABLE_OBJC_ARC = YES;
				CLANG_WARN_BLOCK_CAPTURE_AUTORELEASING = YES;
				CLANG_WARN_BOOL_CONVERSION = YES;
				CLANG_WARN_COMMA = YES;
				CLANG_WARN_CONSTANT_CONVERSION = YES;
				CLANG_WARN_DIRECT_OBJC_ISA_USAGE = YES_ERROR;
				CLANG_WARN_DOCUMENTATION_COMMENTS = YES;
				CLANG_WARN_EMPTY_BODY = YES;
				CLANG_WARN_ENUM_CONVERSION = YES;
				CLANG_WARN_INFINITE_RECURSION = YES;
				CLANG_WARN_INT_CONVERSION = YES;
				CLANG_WARN_NON_LITERAL_NULL_CONVERSION = YES;
				CLANG_WARN_OBJC_LITERAL_CONVERSION = YES;
				CLANG_WARN_OBJC_ROOT_CLASS = YES_ERROR;
				CLANG_WARN_RANGE_LOOP_ANALYSIS = YES;
				CLANG_WARN_STRICT_PROTOTYPES = YES;
				CLANG_WARN_SUSPICIOUS_MOVE = YES;
				CLANG_WARN_UNGUARDED_AVAILABILITY = YES_AGGRESSIVE;
				CLANG_WARN_UNREACHABLE_CODE = YES;
				CLANG_WARN__DUPLICATE_METHOD_MATCH = YES;
				CODE_SIGN_IDENTITY = "iPhone Developer";
				COPY_PHASE_STRIP = NO;
				DEBUG_INFORMATION_FORMAT = "dwarf-with-dsym";
				ENABLE_NS_ASSERTIONS = NO;
				ENABLE_STRICT_OBJC_MSGSEND = YES;
				GCC_C_LANGUAGE_STANDARD = gnu11;
				GCC_NO_COMMON_BLOCKS = YES;
				GCC_WARN_64_TO_32_BIT_CONVERSION = YES;
				GCC_WARN_ABOUT_RETURN_TYPE = YES_ERROR;
				GCC_WARN_UNDECLARED_SELECTOR = YES;
				GCC_WARN_UNINITIALIZED_AUTOS = YES_AGGRESSIVE;
				GCC_WARN_UNUSED_FUNCTION = YES;
				GCC_WARN_UNUSED_VARIABLE = YES;
				IPHONEOS_DEPLOYMENT_TARGET = 11.0;
				MTL_ENABLE_DEBUG_INFO = NO;
				SDKROOT = iphoneos;
				SWIFT_OPTIMIZATION_LEVEL = "-Owholemodule";
				VALIDATE_PRODUCT = YES;
			};
			name = Release;
		};
		81183B3B1FB20AEE00997299 /* Debug */ = {
			isa = XCBuildConfiguration;
			buildSettings = {
				ASSETCATALOG_COMPILER_APPICON_NAME = AppIcon;
				CODE_SIGN_STYLE = Automatic;
				DEVELOPMENT_TEAM = M6644XK36Y;
				INFOPLIST_FILE = LifecycleMethodsAndControls/Info.plist;
				LD_RUNPATH_SEARCH_PATHS = "$(inherited) @executable_path/Frameworks";
				PRODUCT_BUNDLE_IDENTIFIER = "Melissa-He.LifecycleMethodsAndControls";
				PRODUCT_NAME = "$(TARGET_NAME)";
				SWIFT_VERSION = 4.0;
				TARGETED_DEVICE_FAMILY = "1,2";
			};
			name = Debug;
		};
		81183B3C1FB20AEE00997299 /* Release */ = {
			isa = XCBuildConfiguration;
			buildSettings = {
				ASSETCATALOG_COMPILER_APPICON_NAME = AppIcon;
				CODE_SIGN_STYLE = Automatic;
				DEVELOPMENT_TEAM = M6644XK36Y;
				INFOPLIST_FILE = LifecycleMethodsAndControls/Info.plist;
				LD_RUNPATH_SEARCH_PATHS = "$(inherited) @executable_path/Frameworks";
				PRODUCT_BUNDLE_IDENTIFIER = "Melissa-He.LifecycleMethodsAndControls";
				PRODUCT_NAME = "$(TARGET_NAME)";
				SWIFT_VERSION = 4.0;
				TARGETED_DEVICE_FAMILY = "1,2";
			};
			name = Release;
		};
/* End XCBuildConfiguration section */

/* Begin XCConfigurationList section */
		81183B231FB20AED00997299 /* Build configuration list for PBXProject "LifecycleMethodsAndControls" */ = {
			isa = XCConfigurationList;
			buildConfigurations = (
				81183B381FB20AEE00997299 /* Debug */,
				81183B391FB20AEE00997299 /* Release */,
			);
			defaultConfigurationIsVisible = 0;
			defaultConfigurationName = Release;
		};
		81183B3A1FB20AEE00997299 /* Build configuration list for PBXNativeTarget "LifecycleMethodsAndControls" */ = {
			isa = XCConfigurationList;
			buildConfigurations = (
				81183B3B1FB20AEE00997299 /* Debug */,
				81183B3C1FB20AEE00997299 /* Release */,
			);
			defaultConfigurationIsVisible = 0;
			defaultConfigurationName = Release;
		};
/* End XCConfigurationList section */
	};
	rootObject = 81183B201FB20AED00997299 /* Project object */;
}
